
Microsoft Visual Studio Solution File, Format Version 12.00
# Visual Studio 15
VisualStudioVersion = 15.0.26228.9
MinimumVisualStudioVersion = 10.0.40219.1
Project("{2150E333-8FDC-42A3-9474-1A3956D46DE8}") = "Solution Items", "Solution Items", "{64ACD86E-0598-4035-9E08-EE9D26864387}"
EndProject
Project("{9A19103F-16F7-4668-BE54-9A1E7A4F7556}") = "ExistAll.AspNet.FeatureFolderBase", "ExistAll.AspNet.FeatureFolderBase\ExistAll.AspNet.FeatureFolderBase.csproj", "{A57AE27E-275F-417F-BD21-9C05028BC4F3}"
EndProject
Project("{FAE04EC0-301F-11D3-BF4B-00C04F79EFBC}") = "ExistAll.Asp.Net.FeatureFolderBase.UnitTests", "ExistAll.Asp.Net.FeatureFolderBase.UnitTests\ExistAll.Asp.Net.FeatureFolderBase.UnitTests.csproj", "{74DA6CCA-2D41-4BEA-BEBF-93823D1B2BD6}"
EndProject
Global
	GlobalSection(SolutionConfigurationPlatforms) = preSolution
		Debug|Any CPU = Debug|Any CPU
		Release|Any CPU = Release|Any CPU
	EndGlobalSection
	GlobalSection(ProjectConfigurationPlatforms) = postSolution
		{A57AE27E-275F-417F-BD21-9C05028BC4F3}.Debug|Any CPU.ActiveCfg = Debug|Any CPU
		{A57AE27E-275F-417F-BD21-9C05028BC4F3}.Debug|Any CPU.Build.0 = Debug|Any CPU
		{A57AE27E-275F-417F-BD21-9C05028BC4F3}.Release|Any CPU.ActiveCfg = Release|Any CPU
		{A57AE27E-275F-417F-BD21-9C05028BC4F3}.Release|Any CPU.Build.0 = Release|Any CPU
		{74DA6CCA-2D41-4BEA-BEBF-93823D1B2BD6}.Debug|Any CPU.ActiveCfg = Debug|Any CPU
		{74DA6CCA-2D41-4BEA-BEBF-93823D1B2BD6}.Debug|Any CPU.Build.0 = Debug|Any CPU
		{74DA6CCA-2D41-4BEA-BEBF-93823D1B2BD6}.Release|Any CPU.ActiveCfg = Release|Any CPU
		{74DA6CCA-2D41-4BEA-BEBF-93823D1B2BD6}.Release|Any CPU.Build.0 = Release|Any CPU
	EndGlobalSection
	GlobalSection(SolutionProperties) = preSolution
		HideSolutionNode = FALSE
	EndGlobalSection
EndGlobal
